
Microsoft Visual Studio Solution File, Format Version 12.00
# Visual Studio Version 17
VisualStudioVersion = 17.0.31903.59
MinimumVisualStudioVersion = 10.0.40219.1
Project("{FAE04EC0-301F-11D3-BF4B-00C04F79EFBC}") = "IdentityJWTProject", "IdentityJWTProject\IdentityJWTProject.csproj", "{1BBE74A0-6FFA-4603-9AC6-00D4AF207058}"
EndProject
Global
	GlobalSection(SolutionConfigurationPlatforms) = preSolution
		Debug|Any CPU = Debug|Any CPU
		Release|Any CPU = Release|Any CPU
	EndGlobalSection
	GlobalSection(ProjectConfigurationPlatforms) = postSolution
		{1BBE74A0-6FFA-4603-9AC6-00D4AF207058}.Debug|Any CPU.ActiveCfg = Debug|Any CPU
		{1BBE74A0-6FFA-4603-9AC6-00D4AF207058}.Debug|Any CPU.Build.0 = Debug|Any CPU
		{1BBE74A0-6FFA-4603-9AC6-00D4AF207058}.Release|Any CPU.ActiveCfg = Release|Any CPU
		{1BBE74A0-6FFA-4603-9AC6-00D4AF207058}.Release|Any CPU.Build.0 = Release|Any CPU
	EndGlobalSection
	GlobalSection(SolutionProperties) = preSolution
		HideSolutionNode = FALSE
	EndGlobalSection
	GlobalSection(ExtensibilityGlobals) = postSolution
		SolutionGuid = {01A73AE0-69CD-4B58-BFEE-FD4C3BEDA732}
	EndGlobalSection
EndGlobal
